# This file is autogenerated, do not edit; changes may be undone by the next 'dep ensure'.


[[projects]]
  branch = "master"
  name = "github.com/Songmu/wrapcommander"
  packages = ["."]
  revision = "c228fd70413bba4c4b70d0bd78d4665dc6ec252b"

[[projects]]
  branch = "master"
  name = "github.com/mattn/go-scan"
  packages = ["."]
  revision = "c32d62d79bafeac8906774425844a0e03470316f"

[[projects]]
  branch = "master"
  name = "github.com/pkg/errors"
  packages = ["."]
  revision = "816c9085562cd7ee03e7f8188a1cfd942858cded"

[solve-meta]
  analyzer-name = "dep"
  analyzer-version = 1
  inputs-digest = "5d9c3c78dfc2624d6077563b5d801394a760e59e04800a5b33c02ec7d1e83f47"
  solver-name = "gps-cdcl"
  solver-version = 1
